
Microsoft Visual Studio Solution File, Format Version 12.00
# Visual Studio 15
VisualStudioVersion = 15.0.27428.2015
MinimumVisualStudioVersion = 10.0.40219.1
Project("{FAE04EC0-301F-11D3-BF4B-00C04F79EFBC}") = "swept", "swept\swept.csproj", "{BC619D2C-C72E-4111-9489-E353B858A712}"
EndProject
Project("{FAE04EC0-301F-11D3-BF4B-00C04F79EFBC}") = "sweptTests", "sweptTests\sweptTests.csproj", "{485E504A-C357-463B-9C75-0FAB7ADFB186}"
EndProject
Project("{FAE04EC0-301F-11D3-BF4B-00C04F79EFBC}") = "SweptConsole", "SweptConsole\SweptConsole.csproj", "{283DCDB0-31C5-47EB-BE76-31B5A82D7E89}"
EndProject
Global
	GlobalSection(SolutionConfigurationPlatforms) = preSolution
		Debug|Any CPU = Debug|Any CPU
		Release|Any CPU = Release|Any CPU
	EndGlobalSection
	GlobalSection(ProjectConfigurationPlatforms) = postSolution
		{BC619D2C-C72E-4111-9489-E353B858A712}.Debug|Any CPU.ActiveCfg = Debug|Any CPU
		{BC619D2C-C72E-4111-9489-E353B858A712}.Debug|Any CPU.Build.0 = Debug|Any CPU
		{BC619D2C-C72E-4111-9489-E353B858A712}.Release|Any CPU.ActiveCfg = Release|Any CPU
		{BC619D2C-C72E-4111-9489-E353B858A712}.Release|Any CPU.Build.0 = Release|Any CPU
		{485E504A-C357-463B-9C75-0FAB7ADFB186}.Debug|Any CPU.ActiveCfg = Debug|Any CPU
		{485E504A-C357-463B-9C75-0FAB7ADFB186}.Debug|Any CPU.Build.0 = Debug|Any CPU
		{485E504A-C357-463B-9C75-0FAB7ADFB186}.Release|Any CPU.ActiveCfg = Release|Any CPU
		{485E504A-C357-463B-9C75-0FAB7ADFB186}.Release|Any CPU.Build.0 = Release|Any CPU
		{283DCDB0-31C5-47EB-BE76-31B5A82D7E89}.Debug|Any CPU.ActiveCfg = Debug|Any CPU
		{283DCDB0-31C5-47EB-BE76-31B5A82D7E89}.Debug|Any CPU.Build.0 = Debug|Any CPU
		{283DCDB0-31C5-47EB-BE76-31B5A82D7E89}.Release|Any CPU.ActiveCfg = Release|Any CPU
		{283DCDB0-31C5-47EB-BE76-31B5A82D7E89}.Release|Any CPU.Build.0 = Release|Any CPU
	EndGlobalSection
	GlobalSection(SolutionProperties) = preSolution
		HideSolutionNode = FALSE
	EndGlobalSection
	GlobalSection(ExtensibilityGlobals) = postSolution
		SolutionGuid = {ACD7CBCA-30DA-46BF-9A9E-C78756A654F4}
	EndGlobalSection
EndGlobal
